// !$*UTF8*$!
{
	archiveVersion = 1;
	classes = {
	};
	objectVersion = 50;
	objects = {

/* Begin PBXBuildFile section */
		230A7CD42477376000AD45C7 /* AppDelegate.swift in Sources */ = {isa = PBXBuildFile; fileRef = 230A7CD32477376000AD45C7 /* AppDelegate.swift */; };
		230A7CD62477376000AD45C7 /* SceneDelegate.swift in Sources */ = {isa = PBXBuildFile; fileRef = 230A7CD52477376000AD45C7 /* SceneDelegate.swift */; };
		230A7CD82477376000AD45C7 /* ContentView.swift in Sources */ = {isa = PBXBuildFile; fileRef = 230A7CD72477376000AD45C7 /* ContentView.swift */; };
		230A7CDA2477376300AD45C7 /* Assets.xcassets in Resources */ = {isa = PBXBuildFile; fileRef = 230A7CD92477376300AD45C7 /* Assets.xcassets */; };
		230A7CDD2477376300AD45C7 /* Preview Assets.xcassets in Resources */ = {isa = PBXBuildFile; fileRef = 230A7CDC2477376300AD45C7 /* Preview Assets.xcassets */; };
		230A7CE02477376300AD45C7 /* LaunchScreen.storyboard in Resources */ = {isa = PBXBuildFile; fileRef = 230A7CDE2477376300AD45C7 /* LaunchScreen.storyboard */; };
		230A7CEB2477376300AD45C7 /* Bed_ApplicationTests.swift in Sources */ = {isa = PBXBuildFile; fileRef = 230A7CEA2477376300AD45C7 /* Bed_ApplicationTests.swift */; };
		230A7CF62477376300AD45C7 /* Bed_ApplicationUITests.swift in Sources */ = {isa = PBXBuildFile; fileRef = 230A7CF52477376300AD45C7 /* Bed_ApplicationUITests.swift */; };
		236325F324789D5B00C8BB86 /* BackgroundView.swift in Sources */ = {isa = PBXBuildFile; fileRef = 236325F224789D5B00C8BB86 /* BackgroundView.swift */; };
		236325F524789E0F00C8BB86 /* BedView.swift in Sources */ = {isa = PBXBuildFile; fileRef = 236325F424789E0F00C8BB86 /* BedView.swift */; };
		236325F92478A66C00C8BB86 /* DeviceStatusView.swift in Sources */ = {isa = PBXBuildFile; fileRef = 236325F82478A66C00C8BB86 /* DeviceStatusView.swift */; };
		236325FB2478B2B600C8BB86 /* CustomTabView.swift in Sources */ = {isa = PBXBuildFile; fileRef = 236325FA2478B2B600C8BB86 /* CustomTabView.swift */; };
		236325FD2478BF0400C8BB86 /* BedControllerView.swift in Sources */ = {isa = PBXBuildFile; fileRef = 236325FC2478BF0400C8BB86 /* BedControllerView.swift */; };
/* End PBXBuildFile section */

/* Begin PBXContainerItemProxy section */
		230A7CE72477376300AD45C7 /* PBXContainerItemProxy */ = {
			isa = PBXContainerItemProxy;
			containerPortal = 230A7CC82477376000AD45C7 /* Project object */;
			proxyType = 1;
			remoteGlobalIDString = 230A7CCF2477376000AD45C7;
			remoteInfo = "Bed Application";
		};
		230A7CF22477376300AD45C7 /* PBXContainerItemProxy */ = {
			isa = PBXContainerItemProxy;
			containerPortal = 230A7CC82477376000AD45C7 /* Project object */;
			proxyType = 1;
			remoteGlobalIDString = 230A7CCF2477376000AD45C7;
			remoteInfo = "Bed Application";
		};
/* End PBXContainerItemProxy section */

/* Begin PBXFileReference section */
		230A7CD02477376000AD45C7 /* Bed Application.app */ = {isa = PBXFileReference; explicitFileType = wrapper.application; includeInIndex = 0; path = "Bed Application.app"; sourceTree = BUILT_PRODUCTS_DIR; };
		230A7CD32477376000AD45C7 /* AppDelegate.swift */ = {isa = PBXFileReference; lastKnownFileType = sourcecode.swift; path = AppDelegate.swift; sourceTree = "<group>"; };
		230A7CD52477376000AD45C7 /* SceneDelegate.swift */ = {isa = PBXFileReference; lastKnownFileType = sourcecode.swift; path = SceneDelegate.swift; sourceTree = "<group>"; };
		230A7CD72477376000AD45C7 /* ContentView.swift */ = {isa = PBXFileReference; lastKnownFileType = sourcecode.swift; path = ContentView.swift; sourceTree = "<group>"; };
		230A7CD92477376300AD45C7 /* Assets.xcassets */ = {isa = PBXFileReference; lastKnownFileType = folder.assetcatalog; path = Assets.xcassets; sourceTree = "<group>"; };
		230A7CDC2477376300AD45C7 /* Preview Assets.xcassets */ = {isa = PBXFileReference; lastKnownFileType = folder.assetcatalog; path = "Preview Assets.xcassets"; sourceTree = "<group>"; };
		230A7CDF2477376300AD45C7 /* Base */ = {isa = PBXFileReference; lastKnownFileType = file.storyboard; name = Base; path = Base.lproj/LaunchScreen.storyboard; sourceTree = "<group>"; };
		230A7CE12477376300AD45C7 /* Info.plist */ = {isa = PBXFileReference; lastKnownFileType = text.plist.xml; path = Info.plist; sourceTree = "<group>"; };
		230A7CE62477376300AD45C7 /* Bed ApplicationTests.xctest */ = {isa = PBXFileReference; explicitFileType = wrapper.cfbundle; includeInIndex = 0; path = "Bed ApplicationTests.xctest"; sourceTree = BUILT_PRODUCTS_DIR; };
		230A7CEA2477376300AD45C7 /* Bed_ApplicationTests.swift */ = {isa = PBXFileReference; lastKnownFileType = sourcecode.swift; path = Bed_ApplicationTests.swift; sourceTree = "<group>"; };
		230A7CEC2477376300AD45C7 /* Info.plist */ = {isa = PBXFileReference; lastKnownFileType = text.plist.xml; path = Info.plist; sourceTree = "<group>"; };
		230A7CF12477376300AD45C7 /* Bed ApplicationUITests.xctest */ = {isa = PBXFileReference; explicitFileType = wrapper.cfbundle; includeInIndex = 0; path = "Bed ApplicationUITests.xctest"; sourceTree = BUILT_PRODUCTS_DIR; };
		230A7CF52477376300AD45C7 /* Bed_ApplicationUITests.swift */ = {isa = PBXFileReference; lastKnownFileType = sourcecode.swift; path = Bed_ApplicationUITests.swift; sourceTree = "<group>"; };
		230A7CF72477376300AD45C7 /* Info.plist */ = {isa = PBXFileReference; lastKnownFileType = text.plist.xml; path = Info.plist; sourceTree = "<group>"; };
		236325F224789D5B00C8BB86 /* BackgroundView.swift */ = {isa = PBXFileReference; lastKnownFileType = sourcecode.swift; path = BackgroundView.swift; sourceTree = "<group>"; };
		236325F424789E0F00C8BB86 /* BedView.swift */ = {isa = PBXFileReference; lastKnownFileType = sourcecode.swift; path = BedView.swift; sourceTree = "<group>"; };
		236325F82478A66C00C8BB86 /* DeviceStatusView.swift */ = {isa = PBXFileReference; lastKnownFileType = sourcecode.swift; path = DeviceStatusView.swift; sourceTree = "<group>"; };
		236325FA2478B2B600C8BB86 /* CustomTabView.swift */ = {isa = PBXFileReference; lastKnownFileType = sourcecode.swift; path = CustomTabView.swift; sourceTree = "<group>"; };
		236325FC2478BF0400C8BB86 /* BedControllerView.swift */ = {isa = PBXFileReference; lastKnownFileType = sourcecode.swift; path = BedControllerView.swift; sourceTree = "<group>"; };
/* End PBXFileReference section */

/* Begin PBXFrameworksBuildPhase section */
		230A7CCD2477376000AD45C7 /* Frameworks */ = {
			isa = PBXFrameworksBuildPhase;
			buildActionMask = 2147483647;
			files = (
			);
			runOnlyForDeploymentPostprocessing = 0;
		};
		230A7CE32477376300AD45C7 /* Frameworks */ = {
			isa = PBXFrameworksBuildPhase;
			buildActionMask = 2147483647;
			files = (
			);
			runOnlyForDeploymentPostprocessing = 0;
		};
		230A7CEE2477376300AD45C7 /* Frameworks */ = {
			isa = PBXFrameworksBuildPhase;
			buildActionMask = 2147483647;
			files = (
			);
			runOnlyForDeploymentPostprocessing = 0;
		};
/* End PBXFrameworksBuildPhase section */

/* Begin PBXGroup section */
		230A7CC72477376000AD45C7 = {
			isa = PBXGroup;
			children = (
				230A7CD22477376000AD45C7 /* Bed Application */,
				230A7CE92477376300AD45C7 /* Bed ApplicationTests */,
				230A7CF42477376300AD45C7 /* Bed ApplicationUITests */,
				230A7CD12477376000AD45C7 /* Products */,
			);
			sourceTree = "<group>";
		};
		230A7CD12477376000AD45C7 /* Products */ = {
			isa = PBXGroup;
			children = (
				230A7CD02477376000AD45C7 /* Bed Application.app */,
				230A7CE62477376300AD45C7 /* Bed ApplicationTests.xctest */,
				230A7CF12477376300AD45C7 /* Bed ApplicationUITests.xctest */,
			);
			name = Products;
			sourceTree = "<group>";
		};
		230A7CD22477376000AD45C7 /* Bed Application */ = {
			isa = PBXGroup;
			children = (
				230A7CD32477376000AD45C7 /* AppDelegate.swift */,
				230A7CD52477376000AD45C7 /* SceneDelegate.swift */,
				236325F224789D5B00C8BB86 /* BackgroundView.swift */,
				230A7CD72477376000AD45C7 /* ContentView.swift */,
				236325FC2478BF0400C8BB86 /* BedControllerView.swift */,
				236325FA2478B2B600C8BB86 /* CustomTabView.swift */,
				236325F82478A66C00C8BB86 /* DeviceStatusView.swift */,
				236325F424789E0F00C8BB86 /* BedView.swift */,
				230A7CD92477376300AD45C7 /* Assets.xcassets */,
				230A7CDE2477376300AD45C7 /* LaunchScreen.storyboard */,
				230A7CE12477376300AD45C7 /* Info.plist */,
				230A7CDB2477376300AD45C7 /* Preview Content */,
			);
			path = "Bed Application";
			sourceTree = "<group>";
		};
		230A7CDB2477376300AD45C7 /* Preview Content */ = {
			isa = PBXGroup;
			children = (
				230A7CDC2477376300AD45C7 /* Preview Assets.xcassets */,
			);
			path = "Preview Content";
			sourceTree = "<group>";
		};
		230A7CE92477376300AD45C7 /* Bed ApplicationTests */ = {
			isa = PBXGroup;
			children = (
				230A7CEA2477376300AD45C7 /* Bed_ApplicationTests.swift */,
				230A7CEC2477376300AD45C7 /* Info.plist */,
			);
			path = "Bed ApplicationTests";
			sourceTree = "<group>";
		};
		230A7CF42477376300AD45C7 /* Bed ApplicationUITests */ = {
			isa = PBXGroup;
			children = (
				230A7CF52477376300AD45C7 /* Bed_ApplicationUITests.swift */,
				230A7CF72477376300AD45C7 /* Info.plist */,
			);
			path = "Bed ApplicationUITests";
			sourceTree = "<group>";
		};
/* End PBXGroup section */

/* Begin PBXNativeTarget section */
		230A7CCF2477376000AD45C7 /* Bed Application */ = {
			isa = PBXNativeTarget;
			buildConfigurationList = 230A7CFA2477376300AD45C7 /* Build configuration list for PBXNativeTarget "Bed Application" */;
			buildPhases = (
				230A7CCC2477376000AD45C7 /* Sources */,
				230A7CCD2477376000AD45C7 /* Frameworks */,
				230A7CCE2477376000AD45C7 /* Resources */,
			);
			buildRules = (
			);
			dependencies = (
			);
			name = "Bed Application";
			productName = "Bed Application";
			productReference = 230A7CD02477376000AD45C7 /* Bed Application.app */;
			productType = "com.apple.product-type.application";
		};
		230A7CE52477376300AD45C7 /* Bed ApplicationTests */ = {
			isa = PBXNativeTarget;
			buildConfigurationList = 230A7CFD2477376300AD45C7 /* Build configuration list for PBXNativeTarget "Bed ApplicationTests" */;
			buildPhases = (
				230A7CE22477376300AD45C7 /* Sources */,
				230A7CE32477376300AD45C7 /* Frameworks */,
				230A7CE42477376300AD45C7 /* Resources */,
			);
			buildRules = (
			);
			dependencies = (
				230A7CE82477376300AD45C7 /* PBXTargetDependency */,
			);
			name = "Bed ApplicationTests";
			productName = "Bed ApplicationTests";
			productReference = 230A7CE62477376300AD45C7 /* Bed ApplicationTests.xctest */;
			productType = "com.apple.product-type.bundle.unit-test";
		};
		230A7CF02477376300AD45C7 /* Bed ApplicationUITests */ = {
			isa = PBXNativeTarget;
			buildConfigurationList = 230A7D002477376300AD45C7 /* Build configuration list for PBXNativeTarget "Bed ApplicationUITests" */;
			buildPhases = (
				230A7CED2477376300AD45C7 /* Sources */,
				230A7CEE2477376300AD45C7 /* Frameworks */,
				230A7CEF2477376300AD45C7 /* Resources */,
			);
			buildRules = (
			);
			dependencies = (
				230A7CF32477376300AD45C7 /* PBXTargetDependency */,
			);
			name = "Bed ApplicationUITests";
			productName = "Bed ApplicationUITests";
			productReference = 230A7CF12477376300AD45C7 /* Bed ApplicationUITests.xctest */;
			productType = "com.apple.product-type.bundle.ui-testing";
		};
/* End PBXNativeTarget section */

/* Begin PBXProject section */
		230A7CC82477376000AD45C7 /* Project object */ = {
			isa = PBXProject;
			attributes = {
				LastSwiftUpdateCheck = 1140;
				LastUpgradeCheck = 1140;
				ORGANIZATIONNAME = "Cole Stanfield";
				TargetAttributes = {
					230A7CCF2477376000AD45C7 = {
						CreatedOnToolsVersion = 11.4.1;
					};
					230A7CE52477376300AD45C7 = {
						CreatedOnToolsVersion = 11.4.1;
						TestTargetID = 230A7CCF2477376000AD45C7;
					};
					230A7CF02477376300AD45C7 = {
						CreatedOnToolsVersion = 11.4.1;
						TestTargetID = 230A7CCF2477376000AD45C7;
					};
				};
			};
			buildConfigurationList = 230A7CCB2477376000AD45C7 /* Build configuration list for PBXProject "Bed Application" */;
			compatibilityVersion = "Xcode 9.3";
			developmentRegion = en;
			hasScannedForEncodings = 0;
			knownRegions = (
				en,
				Base,
			);
			mainGroup = 230A7CC72477376000AD45C7;
			productRefGroup = 230A7CD12477376000AD45C7 /* Products */;
			projectDirPath = "";
			projectRoot = "";
			targets = (
				230A7CCF2477376000AD45C7 /* Bed Application */,
				230A7CE52477376300AD45C7 /* Bed ApplicationTests */,
				230A7CF02477376300AD45C7 /* Bed ApplicationUITests */,
			);
		};
/* End PBXProject section */

/* Begin PBXResourcesBuildPhase section */
		230A7CCE2477376000AD45C7 /* Resources */ = {
			isa = PBXResourcesBuildPhase;
			buildActionMask = 2147483647;
			files = (
				230A7CE02477376300AD45C7 /* LaunchScreen.storyboard in Resources */,
				230A7CDD2477376300AD45C7 /* Preview Assets.xcassets in Resources */,
				230A7CDA2477376300AD45C7 /* Assets.xcassets in Resources */,
			);
			runOnlyForDeploymentPostprocessing = 0;
		};
		230A7CE42477376300AD45C7 /* Resources */ = {
			isa = PBXResourcesBuildPhase;
			buildActionMask = 2147483647;
			files = (
			);
			runOnlyForDeploymentPostprocessing = 0;
		};
		230A7CEF2477376300AD45C7 /* Resources */ = {
			isa = PBXResourcesBuildPhase;
			buildActionMask = 2147483647;
			files = (
			);
			runOnlyForDeploymentPostprocessing = 0;
		};
/* End PBXResourcesBuildPhase section */

/* Begin PBXSourcesBuildPhase section */
		230A7CCC2477376000AD45C7 /* Sources */ = {
			isa = PBXSourcesBuildPhase;
			buildActionMask = 2147483647;
			files = (
				230A7CD42477376000AD45C7 /* AppDelegate.swift in Sources */,
				230A7CD62477376000AD45C7 /* SceneDelegate.swift in Sources */,
				236325F92478A66C00C8BB86 /* DeviceStatusView.swift in Sources */,
				236325F324789D5B00C8BB86 /* BackgroundView.swift in Sources */,
				236325FD2478BF0400C8BB86 /* BedControllerView.swift in Sources */,
				236325F524789E0F00C8BB86 /* BedView.swift in Sources */,
				230A7CD82477376000AD45C7 /* ContentView.swift in Sources */,
				236325FB2478B2B600C8BB86 /* CustomTabView.swift in Sources */,
			);
			runOnlyForDeploymentPostprocessing = 0;
		};
		230A7CE22477376300AD45C7 /* Sources */ = {
			isa = PBXSourcesBuildPhase;
			buildActionMask = 2147483647;
			files = (
				230A7CEB2477376300AD45C7 /* Bed_ApplicationTests.swift in Sources */,
			);
			runOnlyForDeploymentPostprocessing = 0;
		};
		230A7CED2477376300AD45C7 /* Sources */ = {
			isa = PBXSourcesBuildPhase;
			buildActionMask = 2147483647;
			files = (
				230A7CF62477376300AD45C7 /* Bed_ApplicationUITests.swift in Sources */,
			);
			runOnlyForDeploymentPostprocessing = 0;
		};
/* End PBXSourcesBuildPhase section */

/* Begin PBXTargetDependency section */
		230A7CE82477376300AD45C7 /* PBXTargetDependency */ = {
			isa = PBXTargetDependency;
			target = 230A7CCF2477376000AD45C7 /* Bed Application */;
			targetProxy = 230A7CE72477376300AD45C7 /* PBXContainerItemProxy */;
		};
		230A7CF32477376300AD45C7 /* PBXTargetDependency */ = {
			isa = PBXTargetDependency;
			target = 230A7CCF2477376000AD45C7 /* Bed Application */;
			targetProxy = 230A7CF22477376300AD45C7 /* PBXContainerItemProxy */;
		};
/* End PBXTargetDependency section */

/* Begin PBXVariantGroup section */
		230A7CDE2477376300AD45C7 /* LaunchScreen.storyboard */ = {
			isa = PBXVariantGroup;
			children = (
				230A7CDF2477376300AD45C7 /* Base */,
			);
			name = LaunchScreen.storyboard;
			sourceTree = "<group>";
		};
/* End PBXVariantGroup section */

/* Begin XCBuildConfiguration section */
		230A7CF82477376300AD45C7 /* Debug */ = {
			isa = XCBuildConfiguration;
			buildSettings = {
				ALWAYS_SEARCH_USER_PATHS = NO;
				CLANG_ANALYZER_NONNULL = YES;
				CLANG_ANALYZER_NUMBER_OBJECT_CONVERSION = YES_AGGRESSIVE;
				CLANG_CXX_LANGUAGE_STANDARD = "gnu++14";
				CLANG_CXX_LIBRARY = "libc++";
				CLANG_ENABLE_MODULES = YES;
				CLANG_ENABLE_OBJC_ARC = YES;
				CLANG_ENABLE_OBJC_WEAK = YES;
				CLANG_WARN_BLOCK_CAPTURE_AUTORELEASING = YES;
				CLANG_WARN_BOOL_CONVERSION = YES;
				CLANG_WARN_COMMA = YES;
				CLANG_WARN_CONSTANT_CONVERSION = YES;
				CLANG_WARN_DEPRECATED_OBJC_IMPLEMENTATIONS = YES;
				CLANG_WARN_DIRECT_OBJC_ISA_USAGE = YES_ERROR;
				CLANG_WARN_DOCUMENTATION_COMMENTS = YES;
				CLANG_WARN_EMPTY_BODY = YES;
				CLANG_WARN_ENUM_CONVERSION = YES;
				CLANG_WARN_INFINITE_RECURSION = YES;
				CLANG_WARN_INT_CONVERSION = YES;
				CLANG_WARN_NON_LITERAL_NULL_CONVERSION = YES;
				CLANG_WARN_OBJC_IMPLICIT_RETAIN_SELF = YES;
				CLANG_WARN_OBJC_LITERAL_CONVERSION = YES;
				CLANG_WARN_OBJC_ROOT_CLASS = YES_ERROR;
				CLANG_WARN_RANGE_LOOP_ANALYSIS = YES;
				CLANG_WARN_STRICT_PROTOTYPES = YES;
				CLANG_WARN_SUSPICIOUS_MOVE = YES;
				CLANG_WARN_UNGUARDED_AVAILABILITY = YES_AGGRESSIVE;
				CLANG_WARN_UNREACHABLE_CODE = YES;
				CLANG_WARN__DUPLICATE_METHOD_MATCH = YES;
				COPY_PHASE_STRIP = NO;
				DEBUG_INFORMATION_FORMAT = dwarf;
				ENABLE_STRICT_OBJC_MSGSEND = YES;
				ENABLE_TESTABILITY = YES;
				GCC_C_LANGUAGE_STANDARD = gnu11;
				GCC_DYNAMIC_NO_PIC = NO;
				GCC_NO_COMMON_BLOCKS = YES;
				GCC_OPTIMIZATION_LEVEL = 0;
				GCC_PREPROCESSOR_DEFINITIONS = (
					"DEBUG=1",
					"$(inherited)",
				);
				GCC_WARN_64_TO_32_BIT_CONVERSION = YES;
				GCC_WARN_ABOUT_RETURN_TYPE = YES_ERROR;
				GCC_WARN_UNDECLARED_SELECTOR = YES;
				GCC_WARN_UNINITIALIZED_AUTOS = YES_AGGRESSIVE;
				GCC_WARN_UNUSED_FUNCTION = YES;
				GCC_WARN_UNUSED_VARIABLE = YES;
				IPHONEOS_DEPLOYMENT_TARGET = 13.4;
				MTL_ENABLE_DEBUG_INFO = INCLUDE_SOURCE;
				MTL_FAST_MATH = YES;
				ONLY_ACTIVE_ARCH = YES;
				SDKROOT = iphoneos;
				SWIFT_ACTIVE_COMPILATION_CONDITIONS = DEBUG;
				SWIFT_OPTIMIZATION_LEVEL = "-Onone";
			};
			name = Debug;
		};
		230A7CF92477376300AD45C7 /* Release */ = {
			isa = XCBuildConfiguration;
			buildSettings = {
				ALWAYS_SEARCH_USER_PATHS = NO;
				CLANG_ANALYZER_NONNULL = YES;
				CLANG_ANALYZER_NUMBER_OBJECT_CONVERSION = YES_AGGRESSIVE;
				CLANG_CXX_LANGUAGE_STANDARD = "gnu++14";
				CLANG_CXX_LIBRARY = "libc++";
				CLANG_ENABLE_MODULES = YES;
				CLANG_ENABLE_OBJC_ARC = YES;
				CLANG_ENABLE_OBJC_WEAK = YES;
				CLANG_WARN_BLOCK_CAPTURE_AUTORELEASING = YES;
				CLANG_WARN_BOOL_CONVERSION = YES;
				CLANG_WARN_COMMA = YES;
				CLANG_WARN_CONSTANT_CONVERSION = YES;
				CLANG_WARN_DEPRECATED_OBJC_IMPLEMENTATIONS = YES;
				CLANG_WARN_DIRECT_OBJC_ISA_USAGE = YES_ERROR;
				CLANG_WARN_DOCUMENTATION_COMMENTS = YES;
				CLANG_WARN_EMPTY_BODY = YES;
				CLANG_WARN_ENUM_CONVERSION = YES;
				CLANG_WARN_INFINITE_RECURSION = YES;
				CLANG_WARN_INT_CONVERSION = YES;
				CLANG_WARN_NON_LITERAL_NULL_CONVERSION = YES;
				CLANG_WARN_OBJC_IMPLICIT_RETAIN_SELF = YES;
				CLANG_WARN_OBJC_LITERAL_CONVERSION = YES;
				CLANG_WARN_OBJC_ROOT_CLASS = YES_ERROR;
				CLANG_WARN_RANGE_LOOP_ANALYSIS = YES;
				CLANG_WARN_STRICT_PROTOTYPES = YES;
				CLANG_WARN_SUSPICIOUS_MOVE = YES;
				CLANG_WARN_UNGUARDED_AVAILABILITY = YES_AGGRESSIVE;
				CLANG_WARN_UNREACHABLE_CODE = YES;
				CLANG_WARN__DUPLICATE_METHOD_MATCH = YES;
				COPY_PHASE_STRIP = NO;
				DEBUG_INFORMATION_FORMAT = "dwarf-with-dsym";
				ENABLE_NS_ASSERTIONS = NO;
				ENABLE_STRICT_OBJC_MSGSEND = YES;
				GCC_C_LANGUAGE_STANDARD = gnu11;
				GCC_NO_COMMON_BLOCKS = YES;
				GCC_WARN_64_TO_32_BIT_CONVERSION = YES;
				GCC_WARN_ABOUT_RETURN_TYPE = YES_ERROR;
				GCC_WARN_UNDECLARED_SELECTOR = YES;
				GCC_WARN_UNINITIALIZED_AUTOS = YES_AGGRESSIVE;
				GCC_WARN_UNUSED_FUNCTION = YES;
				GCC_WARN_UNUSED_VARIABLE = YES;
				IPHONEOS_DEPLOYMENT_TARGET = 13.4;
				MTL_ENABLE_DEBUG_INFO = NO;
				MTL_FAST_MATH = YES;
				SDKROOT = iphoneos;
				SWIFT_COMPILATION_MODE = wholemodule;
				SWIFT_OPTIMIZATION_LEVEL = "-O";
				VALIDATE_PRODUCT = YES;
			};
			name = Release;
		};
		230A7CFB2477376300AD45C7 /* Debug */ = {
			isa = XCBuildConfiguration;
			buildSettings = {
				ASSETCATALOG_COMPILER_APPICON_NAME = AppIcon;
				CODE_SIGN_STYLE = Automatic;
				DEVELOPMENT_ASSET_PATHS = "\"Bed Application/Preview Content\"";
				DEVELOPMENT_TEAM = KU3Q7Q3AYQ;
				ENABLE_PREVIEWS = YES;
				INFOPLIST_FILE = "Bed Application/Info.plist";
				LD_RUNPATH_SEARCH_PATHS = (
					"$(inherited)",
					"@executable_path/Frameworks",
				);
				PRODUCT_BUNDLE_IDENTIFIER = "com.ColeStanfield.Bed-Application";
				PRODUCT_NAME = "$(TARGET_NAME)";
				SWIFT_VERSION = 5.0;
				TARGETED_DEVICE_FAMILY = "1,2";
			};
			name = Debug;
		};
		230A7CFC2477376300AD45C7 /* Release */ = {
			isa = XCBuildConfiguration;
			buildSettings = {
				ASSETCATALOG_COMPILER_APPICON_NAME = AppIcon;
				CODE_SIGN_STYLE = Automatic;
				DEVELOPMENT_ASSET_PATHS = "\"Bed Application/Preview Content\"";
				DEVELOPMENT_TEAM = KU3Q7Q3AYQ;
				ENABLE_PREVIEWS = YES;
				INFOPLIST_FILE = "Bed Application/Info.plist";
				LD_RUNPATH_SEARCH_PATHS = (
					"$(inherited)",
					"@executable_path/Frameworks",
				);
				PRODUCT_BUNDLE_IDENTIFIER = "com.ColeStanfield.Bed-Application";
				PRODUCT_NAME = "$(TARGET_NAME)";
				SWIFT_VERSION = 5.0;
				TARGETED_DEVICE_FAMILY = "1,2";
			};
			name = Release;
		};
		230A7CFE2477376300AD45C7 /* Debug */ = {
			isa = XCBuildConfiguration;
			buildSettings = {
				ALWAYS_EMBED_SWIFT_STANDARD_LIBRARIES = YES;
				BUNDLE_LOADER = "$(TEST_HOST)";
				CODE_SIGN_STYLE = Automatic;
				DEVELOPMENT_TEAM = KU3Q7Q3AYQ;
				INFOPLIST_FILE = "Bed ApplicationTests/Info.plist";
				IPHONEOS_DEPLOYMENT_TARGET = 13.4;
				LD_RUNPATH_SEARCH_PATHS = (
					"$(inherited)",
					"@executable_path/Frameworks",
					"@loader_path/Frameworks",
				);
				PRODUCT_BUNDLE_IDENTIFIER = "com.ColeStanfield.Bed-ApplicationTests";
				PRODUCT_NAME = "$(TARGET_NAME)";
				SWIFT_VERSION = 5.0;
				TARGETED_DEVICE_FAMILY = "1,2";
				TEST_HOST = "$(BUILT_PRODUCTS_DIR)/Bed Application.app/Bed Application";
			};
			name = Debug;
		};
		230A7CFF2477376300AD45C7 /* Release */ = {
			isa = XCBuildConfiguration;
			buildSettings = {
				ALWAYS_EMBED_SWIFT_STANDARD_LIBRARIES = YES;
				BUNDLE_LOADER = "$(TEST_HOST)";
				CODE_SIGN_STYLE = Automatic;
				DEVELOPMENT_TEAM = KU3Q7Q3AYQ;
				INFOPLIST_FILE = "Bed ApplicationTests/Info.plist";
				IPHONEOS_DEPLOYMENT_TARGET = 13.4;
				LD_RUNPATH_SEARCH_PATHS = (
					"$(inherited)",
					"@executable_path/Frameworks",
					"@loader_path/Frameworks",
				);
				PRODUCT_BUNDLE_IDENTIFIER = "com.ColeStanfield.Bed-ApplicationTests";
				PRODUCT_NAME = "$(TARGET_NAME)";
				SWIFT_VERSION = 5.0;
				TARGETED_DEVICE_FAMILY = "1,2";
				TEST_HOST = "$(BUILT_PRODUCTS_DIR)/Bed Application.app/Bed Application";
			};
			name = Release;
		};
		230A7D012477376300AD45C7 /* Debug */ = {
			isa = XCBuildConfiguration;
			buildSettings = {
				ALWAYS_EMBED_SWIFT_STANDARD_LIBRARIES = YES;
				CODE_SIGN_STYLE = Automatic;
				DEVELOPMENT_TEAM = KU3Q7Q3AYQ;
				INFOPLIST_FILE = "Bed ApplicationUITests/Info.plist";
				LD_RUNPATH_SEARCH_PATHS = (
					"$(inherited)",
					"@executable_path/Frameworks",
					"@loader_path/Frameworks",
				);
				PRODUCT_BUNDLE_IDENTIFIER = "com.ColeStanfield.Bed-ApplicationUITests";
				PRODUCT_NAME = "$(TARGET_NAME)";
				SWIFT_VERSION = 5.0;
				TARGETED_DEVICE_FAMILY = "1,2";
				TEST_TARGET_NAME = "Bed Application";
			};
			name = Debug;
		};
		230A7D022477376300AD45C7 /* Release */ = {
			isa = XCBuildConfiguration;
			buildSettings = {
				ALWAYS_EMBED_SWIFT_STANDARD_LIBRARIES = YES;
				CODE_SIGN_STYLE = Automatic;
				DEVELOPMENT_TEAM = KU3Q7Q3AYQ;
				INFOPLIST_FILE = "Bed ApplicationUITests/Info.plist";
				LD_RUNPATH_SEARCH_PATHS = (
					"$(inherited)",
					"@executable_path/Frameworks",
					"@loader_path/Frameworks",
				);
				PRODUCT_BUNDLE_IDENTIFIER = "com.ColeStanfield.Bed-ApplicationUITests";
				PRODUCT_NAME = "$(TARGET_NAME)";
				SWIFT_VERSION = 5.0;
				TARGETED_DEVICE_FAMILY = "1,2";
				TEST_TARGET_NAME = "Bed Application";
			};
			name = Release;
		};
/* End XCBuildConfiguration section */

/* Begin XCConfigurationList section */
		230A7CCB2477376000AD45C7 /* Build configuration list for PBXProject "Bed Application" */ = {
			isa = XCConfigurationList;
			buildConfigurations = (
				230A7CF82477376300AD45C7 /* Debug */,
				230A7CF92477376300AD45C7 /* Release */,
			);
			defaultConfigurationIsVisible = 0;
			defaultConfigurationName = Release;
		};
		230A7CFA2477376300AD45C7 /* Build configuration list for PBXNativeTarget "Bed Application" */ = {
			isa = XCConfigurationList;
			buildConfigurations = (
				230A7CFB2477376300AD45C7 /* Debug */,
				230A7CFC2477376300AD45C7 /* Release */,
			);
			defaultConfigurationIsVisible = 0;
			defaultConfigurationName = Release;
		};
		230A7CFD2477376300AD45C7 /* Build configuration list for PBXNativeTarget "Bed ApplicationTests" */ = {
			isa = XCConfigurationList;
			buildConfigurations = (
				230A7CFE2477376300AD45C7 /* Debug */,
				230A7CFF2477376300AD45C7 /* Release */,
			);
			defaultConfigurationIsVisible = 0;
			defaultConfigurationName = Release;
		};
		230A7D002477376300AD45C7 /* Build configuration list for PBXNativeTarget "Bed ApplicationUITests" */ = {
			isa = XCConfigurationList;
			buildConfigurations = (
				230A7D012477376300AD45C7 /* Debug */,
				230A7D022477376300AD45C7 /* Release */,
			);
			defaultConfigurationIsVisible = 0;
			defaultConfigurationName = Release;
		};
/* End XCConfigurationList section */
	};
	rootObject = 230A7CC82477376000AD45C7 /* Project object */;
}
